
Microsoft Visual Studio Solution File, Format Version 12.00
# Visual Studio Version 17
VisualStudioVersion = 17.0.31903.59
MinimumVisualStudioVersion = 10.0.40219.1
Project("{2150E333-8FDC-42A3-9474-1A3956D46DE8}") = "src", "src", "{6A2A7D87-93AE-4393-9504-D2D9BBCE20BA}"
EndProject
Project("{9A19103F-16F7-4668-BE54-9A1E7A4F7556}") = "AuctionService", "src\AuctionService\AuctionService.csproj", "{B86007AC-EE0A-4161-9ACF-74E3B59F6CC6}"
EndProject
Project("{9A19103F-16F7-4668-BE54-9A1E7A4F7556}") = "SearchService", "src\SearchService\SearchService.csproj", "{08EB1570-DC78-4A17-898F-FE7E0ABE910D}"
EndProject
Project("{9A19103F-16F7-4668-BE54-9A1E7A4F7556}") = "Contracts", "src\Contracts\Contracts.csproj", "{F2C959EA-80A3-4165-B8A0-C4A7512F63B5}"
EndProject
Project("{9A19103F-16F7-4668-BE54-9A1E7A4F7556}") = "IdentityService", "src\IdentityService\IdentityService.csproj", "{536352AC-DE17-47DE-A138-C2EDEE574841}"
EndProject
Project("{9A19103F-16F7-4668-BE54-9A1E7A4F7556}") = "GatewayService", "src\GatewayService\GatewayService.csproj", "{13C17A7D-D8E7-4FA3-A45F-D1E5E69B0345}"
EndProject
Project("{2150E333-8FDC-42A3-9474-1A3956D46DE8}") = "Solution Items", "Solution Items", "{F41E4C58-BB65-4F62-A4DF-14222360DA1F}"
	ProjectSection(SolutionItems) = preProject
		docker-compose.yml = docker-compose.yml
	EndProjectSection
EndProject
Global
	GlobalSection(SolutionConfigurationPlatforms) = preSolution
		Debug|Any CPU = Debug|Any CPU
		Release|Any CPU = Release|Any CPU
	EndGlobalSection
	GlobalSection(ProjectConfigurationPlatforms) = postSolution
		{B86007AC-EE0A-4161-9ACF-74E3B59F6CC6}.Debug|Any CPU.ActiveCfg = Debug|Any CPU
		{B86007AC-EE0A-4161-9ACF-74E3B59F6CC6}.Debug|Any CPU.Build.0 = Debug|Any CPU
		{B86007AC-EE0A-4161-9ACF-74E3B59F6CC6}.Release|Any CPU.ActiveCfg = Release|Any CPU
		{B86007AC-EE0A-4161-9ACF-74E3B59F6CC6}.Release|Any CPU.Build.0 = Release|Any CPU
		{08EB1570-DC78-4A17-898F-FE7E0ABE910D}.Debug|Any CPU.ActiveCfg = Debug|Any CPU
		{08EB1570-DC78-4A17-898F-FE7E0ABE910D}.Debug|Any CPU.Build.0 = Debug|Any CPU
		{08EB1570-DC78-4A17-898F-FE7E0ABE910D}.Release|Any CPU.ActiveCfg = Release|Any CPU
		{08EB1570-DC78-4A17-898F-FE7E0ABE910D}.Release|Any CPU.Build.0 = Release|Any CPU
		{F2C959EA-80A3-4165-B8A0-C4A7512F63B5}.Debug|Any CPU.ActiveCfg = Debug|Any CPU
		{F2C959EA-80A3-4165-B8A0-C4A7512F63B5}.Debug|Any CPU.Build.0 = Debug|Any CPU
		{F2C959EA-80A3-4165-B8A0-C4A7512F63B5}.Release|Any CPU.ActiveCfg = Release|Any CPU
		{F2C959EA-80A3-4165-B8A0-C4A7512F63B5}.Release|Any CPU.Build.0 = Release|Any CPU
		{536352AC-DE17-47DE-A138-C2EDEE574841}.Debug|Any CPU.ActiveCfg = Debug|Any CPU
		{536352AC-DE17-47DE-A138-C2EDEE574841}.Debug|Any CPU.Build.0 = Debug|Any CPU
		{536352AC-DE17-47DE-A138-C2EDEE574841}.Release|Any CPU.ActiveCfg = Release|Any CPU
		{536352AC-DE17-47DE-A138-C2EDEE574841}.Release|Any CPU.Build.0 = Release|Any CPU
		{13C17A7D-D8E7-4FA3-A45F-D1E5E69B0345}.Debug|Any CPU.ActiveCfg = Debug|Any CPU
		{13C17A7D-D8E7-4FA3-A45F-D1E5E69B0345}.Debug|Any CPU.Build.0 = Debug|Any CPU
		{13C17A7D-D8E7-4FA3-A45F-D1E5E69B0345}.Release|Any CPU.ActiveCfg = Release|Any CPU
		{13C17A7D-D8E7-4FA3-A45F-D1E5E69B0345}.Release|Any CPU.Build.0 = Release|Any CPU
	EndGlobalSection
	GlobalSection(SolutionProperties) = preSolution
		HideSolutionNode = FALSE
	EndGlobalSection
	GlobalSection(NestedProjects) = preSolution
		{B86007AC-EE0A-4161-9ACF-74E3B59F6CC6} = {6A2A7D87-93AE-4393-9504-D2D9BBCE20BA}
		{08EB1570-DC78-4A17-898F-FE7E0ABE910D} = {6A2A7D87-93AE-4393-9504-D2D9BBCE20BA}
		{F2C959EA-80A3-4165-B8A0-C4A7512F63B5} = {6A2A7D87-93AE-4393-9504-D2D9BBCE20BA}
		{536352AC-DE17-47DE-A138-C2EDEE574841} = {6A2A7D87-93AE-4393-9504-D2D9BBCE20BA}
		{13C17A7D-D8E7-4FA3-A45F-D1E5E69B0345} = {6A2A7D87-93AE-4393-9504-D2D9BBCE20BA}
	EndGlobalSection
	GlobalSection(ExtensibilityGlobals) = postSolution
		SolutionGuid = {3D7D1B53-5A27-496E-A13D-C3D2DD70F147}
	EndGlobalSection
EndGlobal
